
Microsoft Visual Studio Solution File, Format Version 12.00
# Visual Studio Version 17
VisualStudioVersion = 17.14.36623.8
MinimumVisualStudioVersion = 10.0.40219.1
Project("{2150E333-8FDC-42A3-9474-1A3956D46DE8}") = "Chapter00", "Chapter00", "{DDB4EF12-CC4E-5E88-E6FC-71A802F4DE97}"
EndProject
Project("{FAE04EC0-301F-11D3-BF4B-00C04F79EFBC}") = "Sample0416", "Chapter00\Sample0416\Sample0416.csproj", "{9FE76415-A55C-4305-BFCA-7EFB961A215D}"
EndProject
Project("{FAE04EC0-301F-11D3-BF4B-00C04F79EFBC}") = "Sample0415", "Chapter00\Sample0415\Sample0415\Sample0415.csproj", "{D0F00D84-AD20-C5D6-67FE-85D6CB59A7CE}"
EndProject
Project("{FAE04EC0-301F-11D3-BF4B-00C04F79EFBC}") = "Sample0413", "Chapter00\Sanple0413\Sanple0413\Sample0413.csproj", "{6B68CCF8-C449-033A-60A4-D32FC5A10EB9}"
EndProject
Project("{2150E333-8FDC-42A3-9474-1A3956D46DE8}") = "Chapter01", "Chapter01", "{24432355-8EED-41FA-A543-59B444DABFC5}"
EndProject
Project("{2150E333-8FDC-42A3-9474-1A3956D46DE8}") = "Chapter02", "Chapter02", "{3A61B451-6D23-4F87-B3DD-A7A793B6D100}"
EndProject
Project("{2150E333-8FDC-42A3-9474-1A3956D46DE8}") = "距離換算プログラム", "距離換算プログラム", "{BED4B06E-C1A9-4034-91ED-D2F545C29998}"
EndProject
Project("{FAE04EC0-301F-11D3-BF4B-00C04F79EFBC}") = "DistanceConverter", "Chapter02\距離換算プログラム\DistanceConverter\DistanceConverter.csproj", "{F255FE72-AC93-486B-9610-A390D17838D9}"
EndProject
Project("{2150E333-8FDC-42A3-9474-1A3956D46DE8}") = "Chapter04", "Chapter04", "{A3C7A2A3-F325-4547-9648-2D749A64B86C}"
EndProject
Project("{2150E333-8FDC-42A3-9474-1A3956D46DE8}") = "P108_文字列を数値に変換する", "P108_文字列を数値に変換する", "{1D57322A-3AA6-4EE3-B42A-CC55BA2C15E3}"
EndProject
Project("{FAE04EC0-301F-11D3-BF4B-00C04F79EFBC}") = "Code4_36", "Chapter04\文字列を数値に変換する\Code4_36\Code4_36.csproj", "{7116BC15-AAA9-41B6-A164-7E5BD4A9B7FA}"
EndProject
Project("{2150E333-8FDC-42A3-9474-1A3956D46DE8}") = "売上集計プログラム", "売上集計プログラム", "{9F308F68-02A6-4902-B8B5-9FC12CB5F5D6}"
EndProject
Project("{FAE04EC0-301F-11D3-BF4B-00C04F79EFBC}") = "SalesCalculator", "Chapter02\売り上げ集計プログラム\SalesCalculator\SalesCalculator.csproj", "{5B004E07-D269-4B4D-B819-4883A98CEAB8}"
EndProject
Project("{2150E333-8FDC-42A3-9474-1A3956D46DE8}") = "演習問題", "演習問題", "{EB3C8382-27B7-47A4-B6B1-306A3A3D2526}"
EndProject
Project("{FAE04EC0-301F-11D3-BF4B-00C04F79EFBC}") = "Exercise01", "Chapter02\演習問題\Exercise01\Exercise01.csproj", "{558CDCF0-30AA-4104-BF28-741A02FAF392}"
EndProject
Project("{FAE04EC0-301F-11D3-BF4B-00C04F79EFBC}") = "Exercise02", "Chapter02\演習問題\Exercise02\Exercise02.csproj", "{EED7A24B-E3F0-4B8D-90C7-7B88948073A8}"
EndProject
Project("{2150E333-8FDC-42A3-9474-1A3956D46DE8}") = "Chapter03", "Chapter03", "{04D8A68A-464E-4DA7-83E8-8A1B20529F11}"
EndProject
Project("{2150E333-8FDC-42A3-9474-1A3956D46DE8}") = "ラムダ式とLINQ", "ラムダ式とLINQ", "{1424A981-B128-458C-A042-D7D870DAD7FE}"
EndProject
Project("{FAE04EC0-301F-11D3-BF4B-00C04F79EFBC}") = "Section01", "Chapter03\ラムダ式とLINQ\Section01\Section01.csproj", "{18C09E8A-8A0F-4317-B731-AD4DB98141B1}"
EndProject
Project("{FAE04EC0-301F-11D3-BF4B-00C04F79EFBC}") = "Section04", "Chapter03\ラムダ式とLINQ\Section04\Section04.csproj", "{08C569C2-A8D3-4B45-AFCC-D18EFD26FD05}"
EndProject
Project("{2150E333-8FDC-42A3-9474-1A3956D46DE8}") = "演習問題", "演習問題", "{0D0A78D4-97BD-437F-B2CC-4AAAD3E24319}"
EndProject
Project("{FAE04EC0-301F-11D3-BF4B-00C04F79EFBC}") = "Exercise01", "Chapter03\演習問題\Exercise01\Exercise01.csproj", "{464B30C5-D8DF-47AA-B6D4-B6E61A97E9D5}"
EndProject
Project("{FAE04EC0-301F-11D3-BF4B-00C04F79EFBC}") = "Exercise02", "Chapter03\演習問題\Exercise02\Exercise02.csproj", "{9661600F-9E2E-EC39-AFA2-64DBC15CE967}"
EndProject
Project("{2150E333-8FDC-42A3-9474-1A3956D46DE8}") = "p098_nullに関するイディオム", "p098_nullに関するイディオム", "{E3E654AF-019E-459F-B813-7132541C8C4E}"
EndProject
Project("{FAE04EC0-301F-11D3-BF4B-00C04F79EFBC}") = "Section04", "Chapter04\nullに関するイディオム\Section04\Section04.csproj", "{04BB22C2-59C9-465A-A1A0-0D75257D1753}"
EndProject
Project("{2150E333-8FDC-42A3-9474-1A3956D46DE8}") = "演習問題", "演習問題", "{685CF719-0ADC-4A10-8EB0-E51E9CEB582B}"
EndProject
Project("{FAE04EC0-301F-11D3-BF4B-00C04F79EFBC}") = "Exercise01", "Chapter04\演習問題\Exercise01\Exercise01.csproj", "{779C9AD1-7458-4F5F-9EFC-255EBD59FD7B}"
EndProject
Project("{FAE04EC0-301F-11D3-BF4B-00C04F79EFBC}") = "Exercise02", "Chapter04\演習問題\Exercise02\Exercise02\Exercise02.csproj", "{A6397A64-9AEA-C976-C282-F05046F2AA1C}"
EndProject
Project("{2150E333-8FDC-42A3-9474-1A3956D46DE8}") = "Chapter05", "Chapter05", "{2B22BDF1-6D1C-43ED-889F-A9A889B38D6D}"
EndProject
Project("{2150E333-8FDC-42A3-9474-1A3956D46DE8}") = "プロパティに関するイディオム", "プロパティに関するイディオム", "{C1AE9693-F913-4D98-9E96-AA9025E6F9C1}"
EndProject
Project("{FAE04EC0-301F-11D3-BF4B-00C04F79EFBC}") = "Section01", "Chapter05\プロパティに関するイディオム\Section01\Section01.csproj", "{42D2D935-30DD-4542-B22B-636C4903BE05}"
EndProject
Project("{2150E333-8FDC-42A3-9474-1A3956D46DE8}") = "メソッドに関するイディオム", "メソッドに関するイディオム", "{FF61A0AE-D9E2-420C-9F9B-7A50874EC152}"
EndProject
Project("{FAE04EC0-301F-11D3-BF4B-00C04F79EFBC}") = "Section02", "Chapter05\メソッドに関するイディオム\Section02\Section02.csproj", "{7AB07F2D-0E0C-4F21-8814-2658801519F4}"
EndProject
Project("{2150E333-8FDC-42A3-9474-1A3956D46DE8}") = "演習問題", "演習問題", "{D6D993C8-4981-4AA0-9D1C-145D57CFE0B7}"
EndProject
Project("{FAE04EC0-301F-11D3-BF4B-00C04F79EFBC}") = "Exercise01", "Chapter05\演習問題\Exercise01\Exercise01.csproj", "{2F8F179A-ADB2-4DEE-BA1A-2245922BA404}"
EndProject
Project("{FAE04EC0-301F-11D3-BF4B-00C04F79EFBC}") = "Exercise02", "Chapter05\演習問題\Exercise02\Exercise02.csproj", "{A3ACA33D-6226-7668-2993-2FC9EA8C783B}"
EndProject
Project("{FAE04EC0-301F-11D3-BF4B-00C04F79EFBC}") = "Exercise03", "Chapter05\演習問題\Exercise03\Exercise03.csproj", "{580F7B99-0B70-4969-B91A-B543B731B81A}"
EndProject
Project("{2150E333-8FDC-42A3-9474-1A3956D46DE8}") = "Chapter06", "Chapter06", "{C96E4699-2CCF-4495-8D0C-24009A49B89B}"
EndProject
Project("{2150E333-8FDC-42A3-9474-1A3956D46DE8}") = "文字列の比較", "文字列の比較", "{9F9127C3-4BEC-4C76-86A6-F12879813B41}"
EndProject
Project("{FAE04EC0-301F-11D3-BF4B-00C04F79EFBC}") = "Section01", "Chapter06\文字列の比較\Section01\Section01.csproj", "{B5067518-9554-48BA-814C-DD246AB49675}"
EndProject
Project("{2150E333-8FDC-42A3-9474-1A3956D46DE8}") = "演習問題", "演習問題", "{03E9053B-35A3-4078-9925-F2EAC07D1E91}"
EndProject
Project("{FAE04EC0-301F-11D3-BF4B-00C04F79EFBC}") = "Exercise01", "Chapter06\演習問題\Exercise01\Exercise01.csproj", "{2C17147A-934C-4338-BA1E-650E67F77BDE}"
EndProject
Project("{FAE04EC0-301F-11D3-BF4B-00C04F79EFBC}") = "Exercise02", "Chapter06\演習問題\Exercise02\Exercise02.csproj", "{106F2F59-F5F8-4426-8705-72ACFDC38233}"
EndProject
Project("{FAE04EC0-301F-11D3-BF4B-00C04F79EFBC}") = "Exercise03", "Chapter06\演習問題\Exercise03\Exercise03.csproj", "{766DC129-B7E6-6BE5-67FF-02794A6C9D6A}"
EndProject
Project("{2150E333-8FDC-42A3-9474-1A3956D46DE8}") = "文字列の連結と分割", "文字列の連結と分割", "{6E353CAD-1D83-4D3C-B862-DB66A8E2D13D}"
EndProject
Project("{FAE04EC0-301F-11D3-BF4B-00C04F79EFBC}") = "Section05", "Chapter06\文字列の連結と分割\Section05\Section05.csproj", "{32683B27-3D50-421C-B027-2A336F3417AE}"
EndProject
Project("{FAE04EC0-301F-11D3-BF4B-00C04F79EFBC}") = "Exercise04", "Chapter06\演習問題\Exercise04\Exercise04.csproj", "{8758FBDB-9295-0DA5-31B6-DA01667F06FB}"
EndProject
Project("{2150E333-8FDC-42A3-9474-1A3956D46DE8}") = "Chapter07", "Chapter07", "{963A3418-699E-4B46-8D79-402DA2EE1AAB}"
EndProject
Project("{2150E333-8FDC-42A3-9474-1A3956D46DE8}") = "演習問題", "演習問題", "{B8DDE90F-0C08-4775-BA2F-987C85B0E65D}"
EndProject
Project("{FAE04EC0-301F-11D3-BF4B-00C04F79EFBC}") = "Section01", "Chapter07\Section01\Section01.csproj", "{FF836E67-F6FF-4106-A996-AED4F3DECF1B}"
EndProject
Project("{FAE04EC0-301F-11D3-BF4B-00C04F79EFBC}") = "Exercise01", "Chapter07\演習問題\Exercise01\Exercise01.csproj", "{C2CE7A95-6F62-461E-9C74-8A2EFFF85BD4}"
EndProject
Project("{FAE04EC0-301F-11D3-BF4B-00C04F79EFBC}") = "Exercise02", "Chapter07\演習問題\Exercise02\Exercise02.csproj", "{09D01F2D-A9C1-7ADF-ACF0-6CE8655624B3}"
EndProject
Project("{2150E333-8FDC-42A3-9474-1A3956D46DE8}") = "TestProject", "TestProject", "{C7514DDA-8432-47B1-8E1D-DB5C32708EF3}"
EndProject
Project("{FAE04EC0-301F-11D3-BF4B-00C04F79EFBC}") = "Test01_01", "TestProject\Test01_01\Test01_01.csproj", "{B8441293-5D7D-B752-6216-4C5005BF772D}"
EndProject
Project("{FAE04EC0-301F-11D3-BF4B-00C04F79EFBC}") = "Test01_02", "TestProject\Test01_02\Test01_02.csproj", "{D7F347E4-C87C-CC1A-89F8-6D28A7CCB4B3}"
EndProject
Project("{2150E333-8FDC-42A3-9474-1A3956D46DE8}") = "Chapter08", "Chapter08", "{600F1D91-F4D7-4A48-938D-7DDAD351B7DF}"
EndProject
Project("{FAE04EC0-301F-11D3-BF4B-00C04F79EFBC}") = "Section01", "Chapter08\Section01\Section01.csproj", "{A4751306-FA98-4960-9E75-8E5B05A2F78E}"
EndProject
Project("{FAE04EC0-301F-11D3-BF4B-00C04F79EFBC}") = "Section02", "Chapter08\Section02\Section02\Section02.csproj", "{31D36564-941D-48BF-9A5D-257DD8318B00}"
EndProject
Project("{FAE04EC0-301F-11D3-BF4B-00C04F79EFBC}") = "Section03", "Chapter08\Section03\Section03\Section03.csproj", "{B8F4404E-52FC-4B87-AB6B-6F189F3D0118}"
EndProject
Project("{2150E333-8FDC-42A3-9474-1A3956D46DE8}") = "演習問題", "演習問題", "{4E92EA29-BFF6-4BF4-A5B8-0DDFE2D2A32C}"
EndProject
Project("{FAE04EC0-301F-11D3-BF4B-00C04F79EFBC}") = "Exercise01", "Chapter08\演習問題\Exercise01\Exercise01.csproj", "{13A52E02-30BC-42EF-8FFE-254B01E0AA36}"
EndProject
Project("{FAE04EC0-301F-11D3-BF4B-00C04F79EFBC}") = "Exercise02", "Chapter08\演習問題\Exercise02\Exercise02.csproj", "{06898B8A-CC27-A1B2-69C8-89831A372D7F}"
EndProject
Project("{2150E333-8FDC-42A3-9474-1A3956D46DE8}") = "Chapter09", "Chapter09", "{A1D8B89A-B2FA-4D42-BE41-FCC7F40B598B}"
EndProject
Project("{FAE04EC0-301F-11D3-BF4B-00C04F79EFBC}") = "Section01", "Chapter09\Section01\Section01.csproj", "{2DEEF495-DB11-4A97-AA85-B82C1C9F5B77}"
EndProject
Project("{2150E333-8FDC-42A3-9474-1A3956D46DE8}") = "演習問題", "演習問題", "{09F03510-7EBB-42C8-97AD-96BFD5CC0203}"
EndProject
Project("{FAE04EC0-301F-11D3-BF4B-00C04F79EFBC}") = "Exercise01", "Chapter09\演習問題\Exercise01\Exercise01.csproj", "{C5118E78-1FA5-4EB1-B266-157E53D0B7DE}"
EndProject
Project("{FAE04EC0-301F-11D3-BF4B-00C04F79EFBC}") = "Exercise03", "Chapter08\演習問題\Exercise03\Exercise03.csproj", "{9C0A1B7C-EF67-EA22-2B04-7A29AB71DF01}"
EndProject
Project("{2150E333-8FDC-42A3-9474-1A3956D46DE8}") = "FromApps", "FromApps", "{CB97D2D2-4515-4B44-8868-0783152E165E}"
EndProject
Project("{FAE04EC0-301F-11D3-BF4B-00C04F79EFBC}") = "CarReportSystem", "FormApps\CarReportSystem\CarReportSystem.csproj", "{266D05A0-6F70-4D16-8CB6-060C53F6FA75}"
EndProject
Global
	GlobalSection(SolutionConfigurationPlatforms) = preSolution
		Debug|Any CPU = Debug|Any CPU
		Release|Any CPU = Release|Any CPU
	EndGlobalSection
	GlobalSection(ProjectConfigurationPlatforms) = postSolution
		{9FE76415-A55C-4305-BFCA-7EFB961A215D}.Debug|Any CPU.ActiveCfg = Debug|Any CPU
		{9FE76415-A55C-4305-BFCA-7EFB961A215D}.Debug|Any CPU.Build.0 = Debug|Any CPU
		{9FE76415-A55C-4305-BFCA-7EFB961A215D}.Release|Any CPU.ActiveCfg = Release|Any CPU
		{9FE76415-A55C-4305-BFCA-7EFB961A215D}.Release|Any CPU.Build.0 = Release|Any CPU
		{D0F00D84-AD20-C5D6-67FE-85D6CB59A7CE}.Debug|Any CPU.ActiveCfg = Debug|Any CPU
		{D0F00D84-AD20-C5D6-67FE-85D6CB59A7CE}.Debug|Any CPU.Build.0 = Debug|Any CPU
		{D0F00D84-AD20-C5D6-67FE-85D6CB59A7CE}.Release|Any CPU.ActiveCfg = Release|Any CPU
		{D0F00D84-AD20-C5D6-67FE-85D6CB59A7CE}.Release|Any CPU.Build.0 = Release|Any CPU
		{6B68CCF8-C449-033A-60A4-D32FC5A10EB9}.Debug|Any CPU.ActiveCfg = Debug|Any CPU
		{6B68CCF8-C449-033A-60A4-D32FC5A10EB9}.Debug|Any CPU.Build.0 = Debug|Any CPU
		{6B68CCF8-C449-033A-60A4-D32FC5A10EB9}.Release|Any CPU.ActiveCfg = Release|Any CPU
		{6B68CCF8-C449-033A-60A4-D32FC5A10EB9}.Release|Any CPU.Build.0 = Release|Any CPU
		{F255FE72-AC93-486B-9610-A390D17838D9}.Debug|Any CPU.ActiveCfg = Debug|Any CPU
		{F255FE72-AC93-486B-9610-A390D17838D9}.Debug|Any CPU.Build.0 = Debug|Any CPU
		{F255FE72-AC93-486B-9610-A390D17838D9}.Release|Any CPU.ActiveCfg = Release|Any CPU
		{F255FE72-AC93-486B-9610-A390D17838D9}.Release|Any CPU.Build.0 = Release|Any CPU
		{7116BC15-AAA9-41B6-A164-7E5BD4A9B7FA}.Debug|Any CPU.ActiveCfg = Debug|Any CPU
		{7116BC15-AAA9-41B6-A164-7E5BD4A9B7FA}.Debug|Any CPU.Build.0 = Debug|Any CPU
		{7116BC15-AAA9-41B6-A164-7E5BD4A9B7FA}.Release|Any CPU.ActiveCfg = Release|Any CPU
		{7116BC15-AAA9-41B6-A164-7E5BD4A9B7FA}.Release|Any CPU.Build.0 = Release|Any CPU
		{5B004E07-D269-4B4D-B819-4883A98CEAB8}.Debug|Any CPU.ActiveCfg = Debug|Any CPU
		{5B004E07-D269-4B4D-B819-4883A98CEAB8}.Debug|Any CPU.Build.0 = Debug|Any CPU
		{5B004E07-D269-4B4D-B819-4883A98CEAB8}.Release|Any CPU.ActiveCfg = Release|Any CPU
		{5B004E07-D269-4B4D-B819-4883A98CEAB8}.Release|Any CPU.Build.0 = Release|Any CPU
		{558CDCF0-30AA-4104-BF28-741A02FAF392}.Debug|Any CPU.ActiveCfg = Debug|Any CPU
		{558CDCF0-30AA-4104-BF28-741A02FAF392}.Debug|Any CPU.Build.0 = Debug|Any CPU
		{558CDCF0-30AA-4104-BF28-741A02FAF392}.Release|Any CPU.ActiveCfg = Release|Any CPU
		{558CDCF0-30AA-4104-BF28-741A02FAF392}.Release|Any CPU.Build.0 = Release|Any CPU
		{EED7A24B-E3F0-4B8D-90C7-7B88948073A8}.Debug|Any CPU.ActiveCfg = Debug|Any CPU
		{EED7A24B-E3F0-4B8D-90C7-7B88948073A8}.Debug|Any CPU.Build.0 = Debug|Any CPU
		{EED7A24B-E3F0-4B8D-90C7-7B88948073A8}.Release|Any CPU.ActiveCfg = Release|Any CPU
		{EED7A24B-E3F0-4B8D-90C7-7B88948073A8}.Release|Any CPU.Build.0 = Release|Any CPU
		{18C09E8A-8A0F-4317-B731-AD4DB98141B1}.Debug|Any CPU.ActiveCfg = Debug|Any CPU
		{18C09E8A-8A0F-4317-B731-AD4DB98141B1}.Debug|Any CPU.Build.0 = Debug|Any CPU
		{18C09E8A-8A0F-4317-B731-AD4DB98141B1}.Release|Any CPU.ActiveCfg = Release|Any CPU
		{18C09E8A-8A0F-4317-B731-AD4DB98141B1}.Release|Any CPU.Build.0 = Release|Any CPU
		{08C569C2-A8D3-4B45-AFCC-D18EFD26FD05}.Debug|Any CPU.ActiveCfg = Debug|Any CPU
		{08C569C2-A8D3-4B45-AFCC-D18EFD26FD05}.Debug|Any CPU.Build.0 = Debug|Any CPU
		{08C569C2-A8D3-4B45-AFCC-D18EFD26FD05}.Release|Any CPU.ActiveCfg = Release|Any CPU
		{08C569C2-A8D3-4B45-AFCC-D18EFD26FD05}.Release|Any CPU.Build.0 = Release|Any CPU
		{464B30C5-D8DF-47AA-B6D4-B6E61A97E9D5}.Debug|Any CPU.ActiveCfg = Debug|Any CPU
		{464B30C5-D8DF-47AA-B6D4-B6E61A97E9D5}.Debug|Any CPU.Build.0 = Debug|Any CPU
		{464B30C5-D8DF-47AA-B6D4-B6E61A97E9D5}.Release|Any CPU.ActiveCfg = Release|Any CPU
		{464B30C5-D8DF-47AA-B6D4-B6E61A97E9D5}.Release|Any CPU.Build.0 = Release|Any CPU
		{9661600F-9E2E-EC39-AFA2-64DBC15CE967}.Debug|Any CPU.ActiveCfg = Debug|Any CPU
		{9661600F-9E2E-EC39-AFA2-64DBC15CE967}.Debug|Any CPU.Build.0 = Debug|Any CPU
		{9661600F-9E2E-EC39-AFA2-64DBC15CE967}.Release|Any CPU.ActiveCfg = Release|Any CPU
		{9661600F-9E2E-EC39-AFA2-64DBC15CE967}.Release|Any CPU.Build.0 = Release|Any CPU
		{04BB22C2-59C9-465A-A1A0-0D75257D1753}.Debug|Any CPU.ActiveCfg = Debug|Any CPU
		{04BB22C2-59C9-465A-A1A0-0D75257D1753}.Debug|Any CPU.Build.0 = Debug|Any CPU
		{04BB22C2-59C9-465A-A1A0-0D75257D1753}.Release|Any CPU.ActiveCfg = Release|Any CPU
		{04BB22C2-59C9-465A-A1A0-0D75257D1753}.Release|Any CPU.Build.0 = Release|Any CPU
		{779C9AD1-7458-4F5F-9EFC-255EBD59FD7B}.Debug|Any CPU.ActiveCfg = Debug|Any CPU
		{779C9AD1-7458-4F5F-9EFC-255EBD59FD7B}.Debug|Any CPU.Build.0 = Debug|Any CPU
		{779C9AD1-7458-4F5F-9EFC-255EBD59FD7B}.Release|Any CPU.ActiveCfg = Release|Any CPU
		{779C9AD1-7458-4F5F-9EFC-255EBD59FD7B}.Release|Any CPU.Build.0 = Release|Any CPU
		{A6397A64-9AEA-C976-C282-F05046F2AA1C}.Debug|Any CPU.ActiveCfg = Debug|Any CPU
		{A6397A64-9AEA-C976-C282-F05046F2AA1C}.Debug|Any CPU.Build.0 = Debug|Any CPU
		{A6397A64-9AEA-C976-C282-F05046F2AA1C}.Release|Any CPU.ActiveCfg = Release|Any CPU
		{A6397A64-9AEA-C976-C282-F05046F2AA1C}.Release|Any CPU.Build.0 = Release|Any CPU
		{42D2D935-30DD-4542-B22B-636C4903BE05}.Debug|Any CPU.ActiveCfg = Debug|Any CPU
		{42D2D935-30DD-4542-B22B-636C4903BE05}.Debug|Any CPU.Build.0 = Debug|Any CPU
		{42D2D935-30DD-4542-B22B-636C4903BE05}.Release|Any CPU.ActiveCfg = Release|Any CPU
		{42D2D935-30DD-4542-B22B-636C4903BE05}.Release|Any CPU.Build.0 = Release|Any CPU
		{7AB07F2D-0E0C-4F21-8814-2658801519F4}.Debug|Any CPU.ActiveCfg = Debug|Any CPU
		{7AB07F2D-0E0C-4F21-8814-2658801519F4}.Debug|Any CPU.Build.0 = Debug|Any CPU
		{7AB07F2D-0E0C-4F21-8814-2658801519F4}.Release|Any CPU.ActiveCfg = Release|Any CPU
		{7AB07F2D-0E0C-4F21-8814-2658801519F4}.Release|Any CPU.Build.0 = Release|Any CPU
		{2F8F179A-ADB2-4DEE-BA1A-2245922BA404}.Debug|Any CPU.ActiveCfg = Debug|Any CPU
		{2F8F179A-ADB2-4DEE-BA1A-2245922BA404}.Debug|Any CPU.Build.0 = Debug|Any CPU
		{2F8F179A-ADB2-4DEE-BA1A-2245922BA404}.Release|Any CPU.ActiveCfg = Release|Any CPU
		{2F8F179A-ADB2-4DEE-BA1A-2245922BA404}.Release|Any CPU.Build.0 = Release|Any CPU
		{A3ACA33D-6226-7668-2993-2FC9EA8C783B}.Debug|Any CPU.ActiveCfg = Debug|Any CPU
		{A3ACA33D-6226-7668-2993-2FC9EA8C783B}.Debug|Any CPU.Build.0 = Debug|Any CPU
		{A3ACA33D-6226-7668-2993-2FC9EA8C783B}.Release|Any CPU.ActiveCfg = Release|Any CPU
		{A3ACA33D-6226-7668-2993-2FC9EA8C783B}.Release|Any CPU.Build.0 = Release|Any CPU
		{580F7B99-0B70-4969-B91A-B543B731B81A}.Debug|Any CPU.ActiveCfg = Debug|Any CPU
		{580F7B99-0B70-4969-B91A-B543B731B81A}.Debug|Any CPU.Build.0 = Debug|Any CPU
		{580F7B99-0B70-4969-B91A-B543B731B81A}.Release|Any CPU.ActiveCfg = Release|Any CPU
		{580F7B99-0B70-4969-B91A-B543B731B81A}.Release|Any CPU.Build.0 = Release|Any CPU
		{B5067518-9554-48BA-814C-DD246AB49675}.Debug|Any CPU.ActiveCfg = Debug|Any CPU
		{B5067518-9554-48BA-814C-DD246AB49675}.Debug|Any CPU.Build.0 = Debug|Any CPU
		{B5067518-9554-48BA-814C-DD246AB49675}.Release|Any CPU.ActiveCfg = Release|Any CPU
		{B5067518-9554-48BA-814C-DD246AB49675}.Release|Any CPU.Build.0 = Release|Any CPU
		{2C17147A-934C-4338-BA1E-650E67F77BDE}.Debug|Any CPU.ActiveCfg = Debug|Any CPU
		{2C17147A-934C-4338-BA1E-650E67F77BDE}.Debug|Any CPU.Build.0 = Debug|Any CPU
		{2C17147A-934C-4338-BA1E-650E67F77BDE}.Release|Any CPU.ActiveCfg = Release|Any CPU
		{2C17147A-934C-4338-BA1E-650E67F77BDE}.Release|Any CPU.Build.0 = Release|Any CPU
		{106F2F59-F5F8-4426-8705-72ACFDC38233}.Debug|Any CPU.ActiveCfg = Debug|Any CPU
		{106F2F59-F5F8-4426-8705-72ACFDC38233}.Debug|Any CPU.Build.0 = Debug|Any CPU
		{106F2F59-F5F8-4426-8705-72ACFDC38233}.Release|Any CPU.ActiveCfg = Release|Any CPU
		{106F2F59-F5F8-4426-8705-72ACFDC38233}.Release|Any CPU.Build.0 = Release|Any CPU
		{766DC129-B7E6-6BE5-67FF-02794A6C9D6A}.Debug|Any CPU.ActiveCfg = Debug|Any CPU
		{766DC129-B7E6-6BE5-67FF-02794A6C9D6A}.Debug|Any CPU.Build.0 = Debug|Any CPU
		{766DC129-B7E6-6BE5-67FF-02794A6C9D6A}.Release|Any CPU.ActiveCfg = Release|Any CPU
		{766DC129-B7E6-6BE5-67FF-02794A6C9D6A}.Release|Any CPU.Build.0 = Release|Any CPU
		{32683B27-3D50-421C-B027-2A336F3417AE}.Debug|Any CPU.ActiveCfg = Debug|Any CPU
		{32683B27-3D50-421C-B027-2A336F3417AE}.Debug|Any CPU.Build.0 = Debug|Any CPU
		{32683B27-3D50-421C-B027-2A336F3417AE}.Release|Any CPU.ActiveCfg = Release|Any CPU
		{32683B27-3D50-421C-B027-2A336F3417AE}.Release|Any CPU.Build.0 = Release|Any CPU
		{8758FBDB-9295-0DA5-31B6-DA01667F06FB}.Debug|Any CPU.ActiveCfg = Debug|Any CPU
		{8758FBDB-9295-0DA5-31B6-DA01667F06FB}.Debug|Any CPU.Build.0 = Debug|Any CPU
		{8758FBDB-9295-0DA5-31B6-DA01667F06FB}.Release|Any CPU.ActiveCfg = Release|Any CPU
		{8758FBDB-9295-0DA5-31B6-DA01667F06FB}.Release|Any CPU.Build.0 = Release|Any CPU
		{FF836E67-F6FF-4106-A996-AED4F3DECF1B}.Debug|Any CPU.ActiveCfg = Debug|Any CPU
		{FF836E67-F6FF-4106-A996-AED4F3DECF1B}.Debug|Any CPU.Build.0 = Debug|Any CPU
		{FF836E67-F6FF-4106-A996-AED4F3DECF1B}.Release|Any CPU.ActiveCfg = Release|Any CPU
		{FF836E67-F6FF-4106-A996-AED4F3DECF1B}.Release|Any CPU.Build.0 = Release|Any CPU
		{C2CE7A95-6F62-461E-9C74-8A2EFFF85BD4}.Debug|Any CPU.ActiveCfg = Debug|Any CPU
		{C2CE7A95-6F62-461E-9C74-8A2EFFF85BD4}.Debug|Any CPU.Build.0 = Debug|Any CPU
		{C2CE7A95-6F62-461E-9C74-8A2EFFF85BD4}.Release|Any CPU.ActiveCfg = Release|Any CPU
		{C2CE7A95-6F62-461E-9C74-8A2EFFF85BD4}.Release|Any CPU.Build.0 = Release|Any CPU
		{09D01F2D-A9C1-7ADF-ACF0-6CE8655624B3}.Debug|Any CPU.ActiveCfg = Debug|Any CPU
		{09D01F2D-A9C1-7ADF-ACF0-6CE8655624B3}.Debug|Any CPU.Build.0 = Debug|Any CPU
		{09D01F2D-A9C1-7ADF-ACF0-6CE8655624B3}.Release|Any CPU.ActiveCfg = Release|Any CPU
		{09D01F2D-A9C1-7ADF-ACF0-6CE8655624B3}.Release|Any CPU.Build.0 = Release|Any CPU
		{B8441293-5D7D-B752-6216-4C5005BF772D}.Debug|Any CPU.ActiveCfg = Debug|Any CPU
		{B8441293-5D7D-B752-6216-4C5005BF772D}.Debug|Any CPU.Build.0 = Debug|Any CPU
		{B8441293-5D7D-B752-6216-4C5005BF772D}.Release|Any CPU.ActiveCfg = Release|Any CPU
		{B8441293-5D7D-B752-6216-4C5005BF772D}.Release|Any CPU.Build.0 = Release|Any CPU
		{D7F347E4-C87C-CC1A-89F8-6D28A7CCB4B3}.Debug|Any CPU.ActiveCfg = Debug|Any CPU
		{D7F347E4-C87C-CC1A-89F8-6D28A7CCB4B3}.Debug|Any CPU.Build.0 = Debug|Any CPU
		{D7F347E4-C87C-CC1A-89F8-6D28A7CCB4B3}.Release|Any CPU.ActiveCfg = Release|Any CPU
		{D7F347E4-C87C-CC1A-89F8-6D28A7CCB4B3}.Release|Any CPU.Build.0 = Release|Any CPU
		{A4751306-FA98-4960-9E75-8E5B05A2F78E}.Debug|Any CPU.ActiveCfg = Debug|Any CPU
		{A4751306-FA98-4960-9E75-8E5B05A2F78E}.Debug|Any CPU.Build.0 = Debug|Any CPU
		{A4751306-FA98-4960-9E75-8E5B05A2F78E}.Release|Any CPU.ActiveCfg = Release|Any CPU
		{A4751306-FA98-4960-9E75-8E5B05A2F78E}.Release|Any CPU.Build.0 = Release|Any CPU
		{31D36564-941D-48BF-9A5D-257DD8318B00}.Debug|Any CPU.ActiveCfg = Debug|Any CPU
		{31D36564-941D-48BF-9A5D-257DD8318B00}.Debug|Any CPU.Build.0 = Debug|Any CPU
		{31D36564-941D-48BF-9A5D-257DD8318B00}.Release|Any CPU.ActiveCfg = Release|Any CPU
		{31D36564-941D-48BF-9A5D-257DD8318B00}.Release|Any CPU.Build.0 = Release|Any CPU
		{B8F4404E-52FC-4B87-AB6B-6F189F3D0118}.Debug|Any CPU.ActiveCfg = Debug|Any CPU
		{B8F4404E-52FC-4B87-AB6B-6F189F3D0118}.Debug|Any CPU.Build.0 = Debug|Any CPU
		{B8F4404E-52FC-4B87-AB6B-6F189F3D0118}.Release|Any CPU.ActiveCfg = Release|Any CPU
		{B8F4404E-52FC-4B87-AB6B-6F189F3D0118}.Release|Any CPU.Build.0 = Release|Any CPU
		{13A52E02-30BC-42EF-8FFE-254B01E0AA36}.Debug|Any CPU.ActiveCfg = Debug|Any CPU
		{13A52E02-30BC-42EF-8FFE-254B01E0AA36}.Debug|Any CPU.Build.0 = Debug|Any CPU
		{13A52E02-30BC-42EF-8FFE-254B01E0AA36}.Release|Any CPU.ActiveCfg = Release|Any CPU
		{13A52E02-30BC-42EF-8FFE-254B01E0AA36}.Release|Any CPU.Build.0 = Release|Any CPU
		{06898B8A-CC27-A1B2-69C8-89831A372D7F}.Debug|Any CPU.ActiveCfg = Debug|Any CPU
		{06898B8A-CC27-A1B2-69C8-89831A372D7F}.Debug|Any CPU.Build.0 = Debug|Any CPU
		{06898B8A-CC27-A1B2-69C8-89831A372D7F}.Release|Any CPU.ActiveCfg = Release|Any CPU
		{06898B8A-CC27-A1B2-69C8-89831A372D7F}.Release|Any CPU.Build.0 = Release|Any CPU
		{2DEEF495-DB11-4A97-AA85-B82C1C9F5B77}.Debug|Any CPU.ActiveCfg = Debug|Any CPU
		{2DEEF495-DB11-4A97-AA85-B82C1C9F5B77}.Debug|Any CPU.Build.0 = Debug|Any CPU
		{2DEEF495-DB11-4A97-AA85-B82C1C9F5B77}.Release|Any CPU.ActiveCfg = Release|Any CPU
		{2DEEF495-DB11-4A97-AA85-B82C1C9F5B77}.Release|Any CPU.Build.0 = Release|Any CPU
		{C5118E78-1FA5-4EB1-B266-157E53D0B7DE}.Debug|Any CPU.ActiveCfg = Debug|Any CPU
		{C5118E78-1FA5-4EB1-B266-157E53D0B7DE}.Debug|Any CPU.Build.0 = Debug|Any CPU
		{C5118E78-1FA5-4EB1-B266-157E53D0B7DE}.Release|Any CPU.ActiveCfg = Release|Any CPU
		{C5118E78-1FA5-4EB1-B266-157E53D0B7DE}.Release|Any CPU.Build.0 = Release|Any CPU
		{9C0A1B7C-EF67-EA22-2B04-7A29AB71DF01}.Debug|Any CPU.ActiveCfg = Debug|Any CPU
		{9C0A1B7C-EF67-EA22-2B04-7A29AB71DF01}.Debug|Any CPU.Build.0 = Debug|Any CPU
		{9C0A1B7C-EF67-EA22-2B04-7A29AB71DF01}.Release|Any CPU.ActiveCfg = Release|Any CPU
		{9C0A1B7C-EF67-EA22-2B04-7A29AB71DF01}.Release|Any CPU.Build.0 = Release|Any CPU
		{266D05A0-6F70-4D16-8CB6-060C53F6FA75}.Debug|Any CPU.ActiveCfg = Debug|Any CPU
		{266D05A0-6F70-4D16-8CB6-060C53F6FA75}.Debug|Any CPU.Build.0 = Debug|Any CPU
		{266D05A0-6F70-4D16-8CB6-060C53F6FA75}.Release|Any CPU.ActiveCfg = Release|Any CPU
		{266D05A0-6F70-4D16-8CB6-060C53F6FA75}.Release|Any CPU.Build.0 = Release|Any CPU
	EndGlobalSection
	GlobalSection(SolutionProperties) = preSolution
		HideSolutionNode = FALSE
	EndGlobalSection
	GlobalSection(NestedProjects) = preSolution
		{9FE76415-A55C-4305-BFCA-7EFB961A215D} = {DDB4EF12-CC4E-5E88-E6FC-71A802F4DE97}
		{D0F00D84-AD20-C5D6-67FE-85D6CB59A7CE} = {DDB4EF12-CC4E-5E88-E6FC-71A802F4DE97}
		{6B68CCF8-C449-033A-60A4-D32FC5A10EB9} = {DDB4EF12-CC4E-5E88-E6FC-71A802F4DE97}
		{BED4B06E-C1A9-4034-91ED-D2F545C29998} = {3A61B451-6D23-4F87-B3DD-A7A793B6D100}
		{F255FE72-AC93-486B-9610-A390D17838D9} = {BED4B06E-C1A9-4034-91ED-D2F545C29998}
		{1D57322A-3AA6-4EE3-B42A-CC55BA2C15E3} = {A3C7A2A3-F325-4547-9648-2D749A64B86C}
		{7116BC15-AAA9-41B6-A164-7E5BD4A9B7FA} = {1D57322A-3AA6-4EE3-B42A-CC55BA2C15E3}
		{9F308F68-02A6-4902-B8B5-9FC12CB5F5D6} = {3A61B451-6D23-4F87-B3DD-A7A793B6D100}
		{5B004E07-D269-4B4D-B819-4883A98CEAB8} = {9F308F68-02A6-4902-B8B5-9FC12CB5F5D6}
		{EB3C8382-27B7-47A4-B6B1-306A3A3D2526} = {3A61B451-6D23-4F87-B3DD-A7A793B6D100}
		{558CDCF0-30AA-4104-BF28-741A02FAF392} = {EB3C8382-27B7-47A4-B6B1-306A3A3D2526}
		{EED7A24B-E3F0-4B8D-90C7-7B88948073A8} = {EB3C8382-27B7-47A4-B6B1-306A3A3D2526}
		{1424A981-B128-458C-A042-D7D870DAD7FE} = {04D8A68A-464E-4DA7-83E8-8A1B20529F11}
		{18C09E8A-8A0F-4317-B731-AD4DB98141B1} = {1424A981-B128-458C-A042-D7D870DAD7FE}
		{08C569C2-A8D3-4B45-AFCC-D18EFD26FD05} = {1424A981-B128-458C-A042-D7D870DAD7FE}
		{0D0A78D4-97BD-437F-B2CC-4AAAD3E24319} = {04D8A68A-464E-4DA7-83E8-8A1B20529F11}
		{464B30C5-D8DF-47AA-B6D4-B6E61A97E9D5} = {0D0A78D4-97BD-437F-B2CC-4AAAD3E24319}
		{9661600F-9E2E-EC39-AFA2-64DBC15CE967} = {0D0A78D4-97BD-437F-B2CC-4AAAD3E24319}
		{E3E654AF-019E-459F-B813-7132541C8C4E} = {A3C7A2A3-F325-4547-9648-2D749A64B86C}
		{04BB22C2-59C9-465A-A1A0-0D75257D1753} = {E3E654AF-019E-459F-B813-7132541C8C4E}
		{685CF719-0ADC-4A10-8EB0-E51E9CEB582B} = {A3C7A2A3-F325-4547-9648-2D749A64B86C}
		{779C9AD1-7458-4F5F-9EFC-255EBD59FD7B} = {685CF719-0ADC-4A10-8EB0-E51E9CEB582B}
		{A6397A64-9AEA-C976-C282-F05046F2AA1C} = {685CF719-0ADC-4A10-8EB0-E51E9CEB582B}
		{C1AE9693-F913-4D98-9E96-AA9025E6F9C1} = {2B22BDF1-6D1C-43ED-889F-A9A889B38D6D}
		{42D2D935-30DD-4542-B22B-636C4903BE05} = {C1AE9693-F913-4D98-9E96-AA9025E6F9C1}
		{FF61A0AE-D9E2-420C-9F9B-7A50874EC152} = {2B22BDF1-6D1C-43ED-889F-A9A889B38D6D}
		{7AB07F2D-0E0C-4F21-8814-2658801519F4} = {FF61A0AE-D9E2-420C-9F9B-7A50874EC152}
		{D6D993C8-4981-4AA0-9D1C-145D57CFE0B7} = {2B22BDF1-6D1C-43ED-889F-A9A889B38D6D}
		{2F8F179A-ADB2-4DEE-BA1A-2245922BA404} = {D6D993C8-4981-4AA0-9D1C-145D57CFE0B7}
		{A3ACA33D-6226-7668-2993-2FC9EA8C783B} = {D6D993C8-4981-4AA0-9D1C-145D57CFE0B7}
		{580F7B99-0B70-4969-B91A-B543B731B81A} = {D6D993C8-4981-4AA0-9D1C-145D57CFE0B7}
		{9F9127C3-4BEC-4C76-86A6-F12879813B41} = {C96E4699-2CCF-4495-8D0C-24009A49B89B}
		{B5067518-9554-48BA-814C-DD246AB49675} = {9F9127C3-4BEC-4C76-86A6-F12879813B41}
		{03E9053B-35A3-4078-9925-F2EAC07D1E91} = {C96E4699-2CCF-4495-8D0C-24009A49B89B}
		{2C17147A-934C-4338-BA1E-650E67F77BDE} = {03E9053B-35A3-4078-9925-F2EAC07D1E91}
		{106F2F59-F5F8-4426-8705-72ACFDC38233} = {03E9053B-35A3-4078-9925-F2EAC07D1E91}
		{766DC129-B7E6-6BE5-67FF-02794A6C9D6A} = {03E9053B-35A3-4078-9925-F2EAC07D1E91}
		{6E353CAD-1D83-4D3C-B862-DB66A8E2D13D} = {C96E4699-2CCF-4495-8D0C-24009A49B89B}
		{32683B27-3D50-421C-B027-2A336F3417AE} = {6E353CAD-1D83-4D3C-B862-DB66A8E2D13D}
		{8758FBDB-9295-0DA5-31B6-DA01667F06FB} = {03E9053B-35A3-4078-9925-F2EAC07D1E91}
		{B8DDE90F-0C08-4775-BA2F-987C85B0E65D} = {963A3418-699E-4B46-8D79-402DA2EE1AAB}
		{FF836E67-F6FF-4106-A996-AED4F3DECF1B} = {963A3418-699E-4B46-8D79-402DA2EE1AAB}
		{C2CE7A95-6F62-461E-9C74-8A2EFFF85BD4} = {B8DDE90F-0C08-4775-BA2F-987C85B0E65D}
		{09D01F2D-A9C1-7ADF-ACF0-6CE8655624B3} = {B8DDE90F-0C08-4775-BA2F-987C85B0E65D}
		{B8441293-5D7D-B752-6216-4C5005BF772D} = {C7514DDA-8432-47B1-8E1D-DB5C32708EF3}
		{D7F347E4-C87C-CC1A-89F8-6D28A7CCB4B3} = {C7514DDA-8432-47B1-8E1D-DB5C32708EF3}
		{A4751306-FA98-4960-9E75-8E5B05A2F78E} = {600F1D91-F4D7-4A48-938D-7DDAD351B7DF}
		{31D36564-941D-48BF-9A5D-257DD8318B00} = {600F1D91-F4D7-4A48-938D-7DDAD351B7DF}
		{B8F4404E-52FC-4B87-AB6B-6F189F3D0118} = {600F1D91-F4D7-4A48-938D-7DDAD351B7DF}
		{4E92EA29-BFF6-4BF4-A5B8-0DDFE2D2A32C} = {600F1D91-F4D7-4A48-938D-7DDAD351B7DF}
		{13A52E02-30BC-42EF-8FFE-254B01E0AA36} = {4E92EA29-BFF6-4BF4-A5B8-0DDFE2D2A32C}
		{06898B8A-CC27-A1B2-69C8-89831A372D7F} = {4E92EA29-BFF6-4BF4-A5B8-0DDFE2D2A32C}
		{2DEEF495-DB11-4A97-AA85-B82C1C9F5B77} = {A1D8B89A-B2FA-4D42-BE41-FCC7F40B598B}
		{09F03510-7EBB-42C8-97AD-96BFD5CC0203} = {A1D8B89A-B2FA-4D42-BE41-FCC7F40B598B}
		{C5118E78-1FA5-4EB1-B266-157E53D0B7DE} = {09F03510-7EBB-42C8-97AD-96BFD5CC0203}
		{9C0A1B7C-EF67-EA22-2B04-7A29AB71DF01} = {A1D8B89A-B2FA-4D42-BE41-FCC7F40B598B}
		{266D05A0-6F70-4D16-8CB6-060C53F6FA75} = {CB97D2D2-4515-4B44-8868-0783152E165E}
	EndGlobalSection
	GlobalSection(ExtensibilityGlobals) = postSolution
		SolutionGuid = {EDE9C908-400E-4BB0-A9EC-FB1C2CD5028E}
	EndGlobalSection
EndGlobal
