
Microsoft Visual Studio Solution File, Format Version 12.00
# Visual Studio Version 17
VisualStudioVersion = 17.14.36623.8
MinimumVisualStudioVersion = 10.0.40219.1
Project("{2150E333-8FDC-42A3-9474-1A3956D46DE8}") = "Chapter00", "Chapter00", "{DDB4EF12-CC4E-5E88-E6FC-71A802F4DE97}"
EndProject
Project("{FAE04EC0-301F-11D3-BF4B-00C04F79EFBC}") = "Sample0416", "Chapter00\Sample0416\Sample0416.csproj", "{9FE76415-A55C-4305-BFCA-7EFB961A215D}"
EndProject
Project("{FAE04EC0-301F-11D3-BF4B-00C04F79EFBC}") = "Sample0415", "Chapter00\Sample0415\Sample0415\Sample0415.csproj", "{D0F00D84-AD20-C5D6-67FE-85D6CB59A7CE}"
EndProject
Project("{FAE04EC0-301F-11D3-BF4B-00C04F79EFBC}") = "Sample0413", "Chapter00\Sanple0413\Sanple0413\Sample0413.csproj", "{6B68CCF8-C449-033A-60A4-D32FC5A10EB9}"
EndProject
Project("{2150E333-8FDC-42A3-9474-1A3956D46DE8}") = "Chapter01", "Chapter01", "{24432355-8EED-41FA-A543-59B444DABFC5}"
EndProject
Project("{2150E333-8FDC-42A3-9474-1A3956D46DE8}") = "Chapter02", "Chapter02", "{3A61B451-6D23-4F87-B3DD-A7A793B6D100}"
EndProject
Project("{2150E333-8FDC-42A3-9474-1A3956D46DE8}") = "距離換算プログラム", "距離換算プログラム", "{BED4B06E-C1A9-4034-91ED-D2F545C29998}"
EndProject
Project("{FAE04EC0-301F-11D3-BF4B-00C04F79EFBC}") = "DistanceConverter", "Chapter02\距離換算プログラム\DistanceConverter\DistanceConverter.csproj", "{F255FE72-AC93-486B-9610-A390D17838D9}"
EndProject
Global
	GlobalSection(SolutionConfigurationPlatforms) = preSolution
		Debug|Any CPU = Debug|Any CPU
		Release|Any CPU = Release|Any CPU
	EndGlobalSection
	GlobalSection(ProjectConfigurationPlatforms) = postSolution
		{9FE76415-A55C-4305-BFCA-7EFB961A215D}.Debug|Any CPU.ActiveCfg = Debug|Any CPU
		{9FE76415-A55C-4305-BFCA-7EFB961A215D}.Debug|Any CPU.Build.0 = Debug|Any CPU
		{9FE76415-A55C-4305-BFCA-7EFB961A215D}.Release|Any CPU.ActiveCfg = Release|Any CPU
		{9FE76415-A55C-4305-BFCA-7EFB961A215D}.Release|Any CPU.Build.0 = Release|Any CPU
		{D0F00D84-AD20-C5D6-67FE-85D6CB59A7CE}.Debug|Any CPU.ActiveCfg = Debug|Any CPU
		{D0F00D84-AD20-C5D6-67FE-85D6CB59A7CE}.Debug|Any CPU.Build.0 = Debug|Any CPU
		{D0F00D84-AD20-C5D6-67FE-85D6CB59A7CE}.Release|Any CPU.ActiveCfg = Release|Any CPU
		{D0F00D84-AD20-C5D6-67FE-85D6CB59A7CE}.Release|Any CPU.Build.0 = Release|Any CPU
		{6B68CCF8-C449-033A-60A4-D32FC5A10EB9}.Debug|Any CPU.ActiveCfg = Debug|Any CPU
		{6B68CCF8-C449-033A-60A4-D32FC5A10EB9}.Debug|Any CPU.Build.0 = Debug|Any CPU
		{6B68CCF8-C449-033A-60A4-D32FC5A10EB9}.Release|Any CPU.ActiveCfg = Release|Any CPU
		{6B68CCF8-C449-033A-60A4-D32FC5A10EB9}.Release|Any CPU.Build.0 = Release|Any CPU
		{F255FE72-AC93-486B-9610-A390D17838D9}.Debug|Any CPU.ActiveCfg = Debug|Any CPU
		{F255FE72-AC93-486B-9610-A390D17838D9}.Debug|Any CPU.Build.0 = Debug|Any CPU
		{F255FE72-AC93-486B-9610-A390D17838D9}.Release|Any CPU.ActiveCfg = Release|Any CPU
		{F255FE72-AC93-486B-9610-A390D17838D9}.Release|Any CPU.Build.0 = Release|Any CPU
	EndGlobalSection
	GlobalSection(SolutionProperties) = preSolution
		HideSolutionNode = FALSE
	EndGlobalSection
	GlobalSection(NestedProjects) = preSolution
		{9FE76415-A55C-4305-BFCA-7EFB961A215D} = {DDB4EF12-CC4E-5E88-E6FC-71A802F4DE97}
		{D0F00D84-AD20-C5D6-67FE-85D6CB59A7CE} = {DDB4EF12-CC4E-5E88-E6FC-71A802F4DE97}
		{6B68CCF8-C449-033A-60A4-D32FC5A10EB9} = {DDB4EF12-CC4E-5E88-E6FC-71A802F4DE97}
		{BED4B06E-C1A9-4034-91ED-D2F545C29998} = {3A61B451-6D23-4F87-B3DD-A7A793B6D100}
		{F255FE72-AC93-486B-9610-A390D17838D9} = {BED4B06E-C1A9-4034-91ED-D2F545C29998}
	EndGlobalSection
	GlobalSection(ExtensibilityGlobals) = postSolution
		SolutionGuid = {EDE9C908-400E-4BB0-A9EC-FB1C2CD5028E}
	EndGlobalSection
EndGlobal
